{
  "name": "geo-ip-feeder",
  "version": "1.0.0",
  "lockfileVersion": 3,
  "requires": true,
  "packages": {
    "": {
      "name": "geo-ip-feeder",
      "version": "1.0.0",
      "license": "ISC",
      "dependencies": {
        "geo-ip-feeder": "file:"
      }
    },
    "node_modules/geo-ip-feeder": {
      "resolved": "",
      "link": true
    }
  }
}
